
Microsoft Visual Studio Solution File, Format Version 12.00
# Visual Studio Version 17
VisualStudioVersion = 17.3.32825.248
MinimumVisualStudioVersion = 10.0.40219.1
Project("{FAE04EC0-301F-11D3-BF4B-00C04F79EFBC}") = "Q1", "Exec3_Enumerable\Q1.csproj", "{C16A3252-60C9-4AAF-87D5-09FD4FD75389}"
EndProject
Project("{FAE04EC0-301F-11D3-BF4B-00C04F79EFBC}") = "Q2", "Q2\Q2.csproj", "{39127671-0167-4E59-A4DD-B3CABE1A63D5}"
EndProject
Global
	GlobalSection(SolutionConfigurationPlatforms) = preSolution
		Debug|Any CPU = Debug|Any CPU
		Release|Any CPU = Release|Any CPU
	EndGlobalSection
	GlobalSection(ProjectConfigurationPlatforms) = postSolution
		{C16A3252-60C9-4AAF-87D5-09FD4FD75389}.Debug|Any CPU.ActiveCfg = Debug|Any CPU
		{C16A3252-60C9-4AAF-87D5-09FD4FD75389}.Debug|Any CPU.Build.0 = Debug|Any CPU
		{C16A3252-60C9-4AAF-87D5-09FD4FD75389}.Release|Any CPU.ActiveCfg = Release|Any CPU
		{C16A3252-60C9-4AAF-87D5-09FD4FD75389}.Release|Any CPU.Build.0 = Release|Any CPU
		{39127671-0167-4E59-A4DD-B3CABE1A63D5}.Debug|Any CPU.ActiveCfg = Debug|Any CPU
		{39127671-0167-4E59-A4DD-B3CABE1A63D5}.Debug|Any CPU.Build.0 = Debug|Any CPU
		{39127671-0167-4E59-A4DD-B3CABE1A63D5}.Release|Any CPU.ActiveCfg = Release|Any CPU
		{39127671-0167-4E59-A4DD-B3CABE1A63D5}.Release|Any CPU.Build.0 = Release|Any CPU
	EndGlobalSection
	GlobalSection(SolutionProperties) = preSolution
		HideSolutionNode = FALSE
	EndGlobalSection
	GlobalSection(ExtensibilityGlobals) = postSolution
		SolutionGuid = {0C4876DF-3A83-40EB-9DA8-791659B2ADA1}
	EndGlobalSection
EndGlobal
